<?xml version="1.0" encoding="utf-8"?>
<Project ToolsVersion="4.0" xmlns="http://schemas.microsoft.com/developer/msbuild/2003">
  <ItemGroup>
    <Filter Include="Source Files">
      <UniqueIdentifier>{4FC737F1-C7A5-4376-A066-2A32D752A2FF}</UniqueIdentifier>
      <Extensions>cpp;c;cc;cxx;c++;cppm;ixx;def;odl;idl;hpj;bat;asm;asmx</Extensions>
    </Filter>
    <Filter Include="Header Files">
      <UniqueIdentifier>{93995380-89BD-4b04-88EB-625FBE52EBFB}</UniqueIdentifier>
      <Extensions>h;hh;hpp;hxx;h++;hm;inl;inc;ipp;xsd</Extensions>
    </Filter>
    <Filter Include="Resource Files">
      <UniqueIdentifier>{67DA6AB6-F800-4c08-8B7A-83BB121AAD01}</UniqueIdentifier>
      <Extensions>rc;ico;cur;bmp;dlg;rc2;rct;bin;rgs;gif;jpg;jpeg;jpe;resx;tiff;tif;png;wav;mfcribbon-ms</Extensions>
    </Filter>
    <Filter Include="IO Files">
      <UniqueIdentifier>{1fd2094e-51b8-4242-80b4-fbf6fe74476d}</UniqueIdentifier>
    </Filter>
    <Filter Include="ASM Files">
      <UniqueIdentifier>{2d7c5075-4e4d-4dba-b13e-8a2160ce0b66}</UniqueIdentifier>
    </Filter>
  </ItemGroup>
  <ItemGroup>
    <ClCompile Include="main.cpp">
      <Filter>Source Files</Filter>
    </ClCompile>
  </ItemGroup>
  <ItemGroup>
    <Text Include="Java0.txt">
      <Filter>IO Files</Filter>
    </Text>
    <Text Include="mainJava0.txt">
      <Filter>IO Files</Filter>
    </Text>
    <Text Include="SymbolTable.txt">
      <Filter>IO Files</Filter>
    </Text>
    <Text Include="TokenTable.txt">
      <Filter>IO Files</Filter>
    </Text>
    <Text Include="Grammar.txt">
      <Filter>IO Files</Filter>
    </Text>
    <Text Include="Test2Q3.txt">
      <Filter>IO Files</Filter>
    </Text>
    <Text Include="Test2Q5.txt">
      <Filter>IO Files</Filter>
    </Text>
    <Text Include="TestGrammar.txt">
      <Filter>IO Files</Filter>
    </Text>
    <Text Include="Quads.txt">
      <Filter>IO Files</Filter>
    </Text>
    <Text Include="DecisionTablesList.txt">
      <Filter>IO Files</Filter>
    </Text>
  </ItemGroup>
  <ItemGroup>
    <ClInclude Include="Constants.h">
      <Filter>Header Files</Filter>
    </ClInclude>
    <ClInclude Include="FileIO.hpp">
      <Filter>Source Files</Filter>
    </ClInclude>
    <ClInclude Include="Data.hpp">
      <Filter>Source Files</Filter>
    </ClInclude>
    <ClInclude Include="Pass1.hpp">
      <Filter>Source Files</Filter>
    </ClInclude>
    <ClInclude Include="Nodes.hpp">
      <Filter>Source Files</Filter>
    </ClInclude>
    <ClInclude Include="Grammar.hpp">
      <Filter>Source Files</Filter>
    </ClInclude>
    <ClInclude Include="Stack.hpp">
      <Filter>Source Files</Filter>
    </ClInclude>
    <ClInclude Include="PrecedenceGenerator.hpp">
      <Filter>Source Files</Filter>
    </ClInclude>
    <ClInclude Include="SyntaxPass.hpp">
      <Filter>Source Files</Filter>
    </ClInclude>
    <ClInclude Include="DecisionTables.hpp">
      <Filter>Source Files</Filter>
    </ClInclude>
    <ClInclude Include="Assembler.hpp">
      <Filter>Source Files</Filter>
    </ClInclude>
  </ItemGroup>
  <ItemGroup>
    <None Include="IO1NasmLinux32.asm">
      <Filter>ASM Files</Filter>
    </None>
    <None Include="Java0.asm">
      <Filter>ASM Files</Filter>
    </None>
    <None Include="mainJava0.asm">
      <Filter>ASM Files</Filter>
    </None>
  </ItemGroup>
</Project>